// !$*UTF8*$!
{
	archiveVersion = 1;
	classes = {
	};
	objectVersion = 50;
	objects = {

/* Begin PBXBuildFile section */
		1A3E25FF20A59D1F00FFCBBF /* AppDelegate.swift in Sources */ = {isa = PBXBuildFile; fileRef = 1A3E25FE20A59D1F00FFCBBF /* AppDelegate.swift */; };
		1A3E260120A59D1F00FFCBBF /* ViewController.swift in Sources */ = {isa = PBXBuildFile; fileRef = 1A3E260020A59D1F00FFCBBF /* ViewController.swift */; };
		1A3E260420A59D1F00FFCBBF /* Main.storyboard in Resources */ = {isa = PBXBuildFile; fileRef = 1A3E260220A59D1F00FFCBBF /* Main.storyboard */; };
		1A3E260620A59D2000FFCBBF /* Assets.xcassets in Resources */ = {isa = PBXBuildFile; fileRef = 1A3E260520A59D2000FFCBBF /* Assets.xcassets */; };
		1A3E260920A59D2000FFCBBF /* LaunchScreen.storyboard in Resources */ = {isa = PBXBuildFile; fileRef = 1A3E260720A59D2000FFCBBF /* LaunchScreen.storyboard */; };
		1A3E261420A59D2000FFCBBF /* ReactiveRegisterTests.swift in Sources */ = {isa = PBXBuildFile; fileRef = 1A3E261320A59D2000FFCBBF /* ReactiveRegisterTests.swift */; };
		5F210F94C95B1560A650CAF8 /* Pods_ReactiveRegister.framework in Frameworks */ = {isa = PBXBuildFile; fileRef = 3F4E59F081953F8BFE8E36A8 /* Pods_ReactiveRegister.framework */; };
		AA84F1CE9050EC01BDB9060B /* Pods_ReactiveRegisterTests.framework in Frameworks */ = {isa = PBXBuildFile; fileRef = 05C39A7A01596C098742F78B /* Pods_ReactiveRegisterTests.framework */; };
/* End PBXBuildFile section */

/* Begin PBXContainerItemProxy section */
		1A3E261020A59D2000FFCBBF /* PBXContainerItemProxy */ = {
			isa = PBXContainerItemProxy;
			containerPortal = 1A3E25F320A59D1E00FFCBBF /* Project object */;
			proxyType = 1;
			remoteGlobalIDString = 1A3E25FA20A59D1E00FFCBBF;
			remoteInfo = ReactiveRegister;
		};
/* End PBXContainerItemProxy section */

/* Begin PBXFileReference section */
		05C39A7A01596C098742F78B /* Pods_ReactiveRegisterTests.framework */ = {isa = PBXFileReference; explicitFileType = wrapper.framework; includeInIndex = 0; path = Pods_ReactiveRegisterTests.framework; sourceTree = BUILT_PRODUCTS_DIR; };
		10DF02AF3495F018BE199E7F /* Pods-ReactiveRegisterTests.release.xcconfig */ = {isa = PBXFileReference; includeInIndex = 1; lastKnownFileType = text.xcconfig; name = "Pods-ReactiveRegisterTests.release.xcconfig"; path = "Pods/Target Support Files/Pods-ReactiveRegisterTests/Pods-ReactiveRegisterTests.release.xcconfig"; sourceTree = "<group>"; };
		19616231A00EF016C230FC21 /* Pods-ReactiveRegister.release.xcconfig */ = {isa = PBXFileReference; includeInIndex = 1; lastKnownFileType = text.xcconfig; name = "Pods-ReactiveRegister.release.xcconfig"; path = "Pods/Target Support Files/Pods-ReactiveRegister/Pods-ReactiveRegister.release.xcconfig"; sourceTree = "<group>"; };
		1A3E25FB20A59D1E00FFCBBF /* ReactiveRegister.app */ = {isa = PBXFileReference; explicitFileType = wrapper.application; includeInIndex = 0; path = ReactiveRegister.app; sourceTree = BUILT_PRODUCTS_DIR; };
		1A3E25FE20A59D1F00FFCBBF /* AppDelegate.swift */ = {isa = PBXFileReference; lastKnownFileType = sourcecode.swift; path = AppDelegate.swift; sourceTree = "<group>"; };
		1A3E260020A59D1F00FFCBBF /* ViewController.swift */ = {isa = PBXFileReference; lastKnownFileType = sourcecode.swift; path = ViewController.swift; sourceTree = "<group>"; };
		1A3E260320A59D1F00FFCBBF /* Base */ = {isa = PBXFileReference; lastKnownFileType = file.storyboard; name = Base; path = Base.lproj/Main.storyboard; sourceTree = "<group>"; };
		1A3E260520A59D2000FFCBBF /* Assets.xcassets */ = {isa = PBXFileReference; lastKnownFileType = folder.assetcatalog; path = Assets.xcassets; sourceTree = "<group>"; };
		1A3E260820A59D2000FFCBBF /* Base */ = {isa = PBXFileReference; lastKnownFileType = file.storyboard; name = Base; path = Base.lproj/LaunchScreen.storyboard; sourceTree = "<group>"; };
		1A3E260A20A59D2000FFCBBF /* Info.plist */ = {isa = PBXFileReference; lastKnownFileType = text.plist.xml; path = Info.plist; sourceTree = "<group>"; };
		1A3E260F20A59D2000FFCBBF /* ReactiveRegisterTests.xctest */ = {isa = PBXFileReference; explicitFileType = wrapper.cfbundle; includeInIndex = 0; path = ReactiveRegisterTests.xctest; sourceTree = BUILT_PRODUCTS_DIR; };
		1A3E261320A59D2000FFCBBF /* ReactiveRegisterTests.swift */ = {isa = PBXFileReference; lastKnownFileType = sourcecode.swift; path = ReactiveRegisterTests.swift; sourceTree = "<group>"; };
		1A3E261520A59D2000FFCBBF /* Info.plist */ = {isa = PBXFileReference; lastKnownFileType = text.plist.xml; path = Info.plist; sourceTree = "<group>"; };
		2B294276B954A0B467960AF5 /* Pods-ReactiveRegister.debug.xcconfig */ = {isa = PBXFileReference; includeInIndex = 1; lastKnownFileType = text.xcconfig; name = "Pods-ReactiveRegister.debug.xcconfig"; path = "Pods/Target Support Files/Pods-ReactiveRegister/Pods-ReactiveRegister.debug.xcconfig"; sourceTree = "<group>"; };
		3F4E59F081953F8BFE8E36A8 /* Pods_ReactiveRegister.framework */ = {isa = PBXFileReference; explicitFileType = wrapper.framework; includeInIndex = 0; path = Pods_ReactiveRegister.framework; sourceTree = BUILT_PRODUCTS_DIR; };
		B0A9FA2565DE3BDF7DA5E8EF /* Pods-ReactiveRegisterTests.debug.xcconfig */ = {isa = PBXFileReference; includeInIndex = 1; lastKnownFileType = text.xcconfig; name = "Pods-ReactiveRegisterTests.debug.xcconfig"; path = "Pods/Target Support Files/Pods-ReactiveRegisterTests/Pods-ReactiveRegisterTests.debug.xcconfig"; sourceTree = "<group>"; };
/* End PBXFileReference section */

/* Begin PBXFrameworksBuildPhase section */
		1A3E25F820A59D1E00FFCBBF /* Frameworks */ = {
			isa = PBXFrameworksBuildPhase;
			buildActionMask = 2147483647;
			files = (
				5F210F94C95B1560A650CAF8 /* Pods_ReactiveRegister.framework in Frameworks */,
			);
			runOnlyForDeploymentPostprocessing = 0;
		};
		1A3E260C20A59D2000FFCBBF /* Frameworks */ = {
			isa = PBXFrameworksBuildPhase;
			buildActionMask = 2147483647;
			files = (
				AA84F1CE9050EC01BDB9060B /* Pods_ReactiveRegisterTests.framework in Frameworks */,
			);
			runOnlyForDeploymentPostprocessing = 0;
		};
/* End PBXFrameworksBuildPhase section */

/* Begin PBXGroup section */
		0EE8305E229BF390F589F7CA /* Frameworks */ = {
			isa = PBXGroup;
			children = (
				3F4E59F081953F8BFE8E36A8 /* Pods_ReactiveRegister.framework */,
				05C39A7A01596C098742F78B /* Pods_ReactiveRegisterTests.framework */,
			);
			name = Frameworks;
			sourceTree = "<group>";
		};
		1A3E25F220A59D1E00FFCBBF = {
			isa = PBXGroup;
			children = (
				1A3E25FD20A59D1E00FFCBBF /* ReactiveRegister */,
				1A3E261220A59D2000FFCBBF /* ReactiveRegisterTests */,
				1A3E25FC20A59D1E00FFCBBF /* Products */,
				A5555BE98EBA2FF1BF2483EF /* Pods */,
				0EE8305E229BF390F589F7CA /* Frameworks */,
			);
			sourceTree = "<group>";
		};
		1A3E25FC20A59D1E00FFCBBF /* Products */ = {
			isa = PBXGroup;
			children = (
				1A3E25FB20A59D1E00FFCBBF /* ReactiveRegister.app */,
				1A3E260F20A59D2000FFCBBF /* ReactiveRegisterTests.xctest */,
			);
			name = Products;
			sourceTree = "<group>";
		};
		1A3E25FD20A59D1E00FFCBBF /* ReactiveRegister */ = {
			isa = PBXGroup;
			children = (
				1A3E25FE20A59D1F00FFCBBF /* AppDelegate.swift */,
				1A3E260020A59D1F00FFCBBF /* ViewController.swift */,
				1A3E260220A59D1F00FFCBBF /* Main.storyboard */,
				1A3E260520A59D2000FFCBBF /* Assets.xcassets */,
				1A3E260720A59D2000FFCBBF /* LaunchScreen.storyboard */,
				1A3E260A20A59D2000FFCBBF /* Info.plist */,
			);
			path = ReactiveRegister;
			sourceTree = "<group>";
		};
		1A3E261220A59D2000FFCBBF /* ReactiveRegisterTests */ = {
			isa = PBXGroup;
			children = (
				1A3E261320A59D2000FFCBBF /* ReactiveRegisterTests.swift */,
				1A3E261520A59D2000FFCBBF /* Info.plist */,
			);
			path = ReactiveRegisterTests;
			sourceTree = "<group>";
		};
		A5555BE98EBA2FF1BF2483EF /* Pods */ = {
			isa = PBXGroup;
			children = (
				2B294276B954A0B467960AF5 /* Pods-ReactiveRegister.debug.xcconfig */,
				19616231A00EF016C230FC21 /* Pods-ReactiveRegister.release.xcconfig */,
				B0A9FA2565DE3BDF7DA5E8EF /* Pods-ReactiveRegisterTests.debug.xcconfig */,
				10DF02AF3495F018BE199E7F /* Pods-ReactiveRegisterTests.release.xcconfig */,
			);
			name = Pods;
			sourceTree = "<group>";
		};
/* End PBXGroup section */

/* Begin PBXNativeTarget section */
		1A3E25FA20A59D1E00FFCBBF /* ReactiveRegister */ = {
			isa = PBXNativeTarget;
			buildConfigurationList = 1A3E261820A59D2000FFCBBF /* Build configuration list for PBXNativeTarget "ReactiveRegister" */;
			buildPhases = (
				8B9F80C93BC8A57C79D342F3 /* [CP] Check Pods Manifest.lock */,
				1A3E25F720A59D1E00FFCBBF /* Sources */,
				1A3E25F820A59D1E00FFCBBF /* Frameworks */,
				1A3E25F920A59D1E00FFCBBF /* Resources */,
				E425CF28AA0FA3285FA78DFD /* [CP] Embed Pods Frameworks */,
				BA51FD20E6425C82389F06F1 /* [CP] Copy Pods Resources */,
			);
			buildRules = (
			);
			dependencies = (
			);
			name = ReactiveRegister;
			productName = ReactiveRegister;
			productReference = 1A3E25FB20A59D1E00FFCBBF /* ReactiveRegister.app */;
			productType = "com.apple.product-type.application";
		};
		1A3E260E20A59D2000FFCBBF /* ReactiveRegisterTests */ = {
			isa = PBXNativeTarget;
			buildConfigurationList = 1A3E261B20A59D2000FFCBBF /* Build configuration list for PBXNativeTarget "ReactiveRegisterTests" */;
			buildPhases = (
				F57B30CE68218562A7E7965D /* [CP] Check Pods Manifest.lock */,
				1A3E260B20A59D2000FFCBBF /* Sources */,
				1A3E260C20A59D2000FFCBBF /* Frameworks */,
				1A3E260D20A59D2000FFCBBF /* Resources */,
				851790A75569EC339A31D4B0 /* [CP] Embed Pods Frameworks */,
				69ADB73F4E3F23BD4B6EAC63 /* [CP] Copy Pods Resources */,
			);
			buildRules = (
			);
			dependencies = (
				1A3E261120A59D2000FFCBBF /* PBXTargetDependency */,
			);
			name = ReactiveRegisterTests;
			productName = ReactiveRegisterTests;
			productReference = 1A3E260F20A59D2000FFCBBF /* ReactiveRegisterTests.xctest */;
			productType = "com.apple.product-type.bundle.unit-test";
		};
/* End PBXNativeTarget section */

/* Begin PBXProject section */
		1A3E25F320A59D1E00FFCBBF /* Project object */ = {
			isa = PBXProject;
			attributes = {
				LastSwiftUpdateCheck = 0930;
				LastUpgradeCheck = 0930;
				ORGANIZATIONNAME = "Yuki Yasoshima";
				TargetAttributes = {
					1A3E25FA20A59D1E00FFCBBF = {
						CreatedOnToolsVersion = 9.3;
					};
					1A3E260E20A59D2000FFCBBF = {
						CreatedOnToolsVersion = 9.3;
						TestTargetID = 1A3E25FA20A59D1E00FFCBBF;
					};
				};
			};
			buildConfigurationList = 1A3E25F620A59D1E00FFCBBF /* Build configuration list for PBXProject "ReactiveRegister" */;
			compatibilityVersion = "Xcode 9.3";
			developmentRegion = en;
			hasScannedForEncodings = 0;
			knownRegions = (
				en,
				Base,
			);
			mainGroup = 1A3E25F220A59D1E00FFCBBF;
			productRefGroup = 1A3E25FC20A59D1E00FFCBBF /* Products */;
			projectDirPath = "";
			projectRoot = "";
			targets = (
				1A3E25FA20A59D1E00FFCBBF /* ReactiveRegister */,
				1A3E260E20A59D2000FFCBBF /* ReactiveRegisterTests */,
			);
		};
/* End PBXProject section */

/* Begin PBXResourcesBuildPhase section */
		1A3E25F920A59D1E00FFCBBF /* Resources */ = {
			isa = PBXResourcesBuildPhase;
			buildActionMask = 2147483647;
			files = (
				1A3E260920A59D2000FFCBBF /* LaunchScreen.storyboard in Resources */,
				1A3E260620A59D2000FFCBBF /* Assets.xcassets in Resources */,
				1A3E260420A59D1F00FFCBBF /* Main.storyboard in Resources */,
			);
			runOnlyForDeploymentPostprocessing = 0;
		};
		1A3E260D20A59D2000FFCBBF /* Resources */ = {
			isa = PBXResourcesBuildPhase;
			buildActionMask = 2147483647;
			files = (
			);
			runOnlyForDeploymentPostprocessing = 0;
		};
/* End PBXResourcesBuildPhase section */

/* Begin PBXShellScriptBuildPhase section */
		69ADB73F4E3F23BD4B6EAC63 /* [CP] Copy Pods Resources */ = {
			isa = PBXShellScriptBuildPhase;
			buildActionMask = 2147483647;
			files = (
			);
			inputPaths = (
			);
			name = "[CP] Copy Pods Resources";
			outputPaths = (
			);
			runOnlyForDeploymentPostprocessing = 0;
			shellPath = /bin/sh;
			shellScript = "\"${SRCROOT}/Pods/Target Support Files/Pods-ReactiveRegisterTests/Pods-ReactiveRegisterTests-resources.sh\"\n";
			showEnvVarsInLog = 0;
		};
		851790A75569EC339A31D4B0 /* [CP] Embed Pods Frameworks */ = {
			isa = PBXShellScriptBuildPhase;
			buildActionMask = 2147483647;
			files = (
			);
			inputPaths = (
			);
			name = "[CP] Embed Pods Frameworks";
			outputPaths = (
			);
			runOnlyForDeploymentPostprocessing = 0;
			shellPath = /bin/sh;
			shellScript = "\"${SRCROOT}/Pods/Target Support Files/Pods-ReactiveRegisterTests/Pods-ReactiveRegisterTests-frameworks.sh\"\n";
			showEnvVarsInLog = 0;
		};
		8B9F80C93BC8A57C79D342F3 /* [CP] Check Pods Manifest.lock */ = {
			isa = PBXShellScriptBuildPhase;
			buildActionMask = 2147483647;
			files = (
			);
			inputPaths = (
				"${PODS_PODFILE_DIR_PATH}/Podfile.lock",
				"${PODS_ROOT}/Manifest.lock",
			);
			name = "[CP] Check Pods Manifest.lock";
			outputPaths = (
				"$(DERIVED_FILE_DIR)/Pods-ReactiveRegister-checkManifestLockResult.txt",
			);
			runOnlyForDeploymentPostprocessing = 0;
			shellPath = /bin/sh;
			shellScript = "diff \"${PODS_PODFILE_DIR_PATH}/Podfile.lock\" \"${PODS_ROOT}/Manifest.lock\" > /dev/null\nif [ $? != 0 ] ; then\n    # print error to STDERR\n    echo \"error: The sandbox is not in sync with the Podfile.lock. Run 'pod install' or update your CocoaPods installation.\" >&2\n    exit 1\nfi\n# This output is used by Xcode 'outputs' to avoid re-running this script phase.\necho \"SUCCESS\" > \"${SCRIPT_OUTPUT_FILE_0}\"\n";
			showEnvVarsInLog = 0;
		};
		BA51FD20E6425C82389F06F1 /* [CP] Copy Pods Resources */ = {
			isa = PBXShellScriptBuildPhase;
			buildActionMask = 2147483647;
			files = (
			);
			inputPaths = (
			);
			name = "[CP] Copy Pods Resources";
			outputPaths = (
			);
			runOnlyForDeploymentPostprocessing = 0;
			shellPath = /bin/sh;
			shellScript = "\"${SRCROOT}/Pods/Target Support Files/Pods-ReactiveRegister/Pods-ReactiveRegister-resources.sh\"\n";
			showEnvVarsInLog = 0;
		};
		E425CF28AA0FA3285FA78DFD /* [CP] Embed Pods Frameworks */ = {
			isa = PBXShellScriptBuildPhase;
			buildActionMask = 2147483647;
			files = (
			);
			inputPaths = (
				"${SRCROOT}/Pods/Target Support Files/Pods-ReactiveRegister/Pods-ReactiveRegister-frameworks.sh",
				"${BUILT_PRODUCTS_DIR}/RxSwift/RxSwift.framework",
			);
			name = "[CP] Embed Pods Frameworks";
			outputPaths = (
				"${TARGET_BUILD_DIR}/${FRAMEWORKS_FOLDER_PATH}/RxSwift.framework",
			);
			runOnlyForDeploymentPostprocessing = 0;
			shellPath = /bin/sh;
			shellScript = "\"${SRCROOT}/Pods/Target Support Files/Pods-ReactiveRegister/Pods-ReactiveRegister-frameworks.sh\"\n";
			showEnvVarsInLog = 0;
		};
		F57B30CE68218562A7E7965D /* [CP] Check Pods Manifest.lock */ = {
			isa = PBXShellScriptBuildPhase;
			buildActionMask = 2147483647;
			files = (
			);
			inputPaths = (
				"${PODS_PODFILE_DIR_PATH}/Podfile.lock",
				"${PODS_ROOT}/Manifest.lock",
			);
			name = "[CP] Check Pods Manifest.lock";
			outputPaths = (
				"$(DERIVED_FILE_DIR)/Pods-ReactiveRegisterTests-checkManifestLockResult.txt",
			);
			runOnlyForDeploymentPostprocessing = 0;
			shellPath = /bin/sh;
			shellScript = "diff \"${PODS_PODFILE_DIR_PATH}/Podfile.lock\" \"${PODS_ROOT}/Manifest.lock\" > /dev/null\nif [ $? != 0 ] ; then\n    # print error to STDERR\n    echo \"error: The sandbox is not in sync with the Podfile.lock. Run 'pod install' or update your CocoaPods installation.\" >&2\n    exit 1\nfi\n# This output is used by Xcode 'outputs' to avoid re-running this script phase.\necho \"SUCCESS\" > \"${SCRIPT_OUTPUT_FILE_0}\"\n";
			showEnvVarsInLog = 0;
		};
/* End PBXShellScriptBuildPhase section */

/* Begin PBXSourcesBuildPhase section */
		1A3E25F720A59D1E00FFCBBF /* Sources */ = {
			isa = PBXSourcesBuildPhase;
			buildActionMask = 2147483647;
			files = (
				1A3E260120A59D1F00FFCBBF /* ViewController.swift in Sources */,
				1A3E25FF20A59D1F00FFCBBF /* AppDelegate.swift in Sources */,
			);
			runOnlyForDeploymentPostprocessing = 0;
		};
		1A3E260B20A59D2000FFCBBF /* Sources */ = {
			isa = PBXSourcesBuildPhase;
			buildActionMask = 2147483647;
			files = (
				1A3E261420A59D2000FFCBBF /* ReactiveRegisterTests.swift in Sources */,
			);
			runOnlyForDeploymentPostprocessing = 0;
		};
/* End PBXSourcesBuildPhase section */

/* Begin PBXTargetDependency section */
		1A3E261120A59D2000FFCBBF /* PBXTargetDependency */ = {
			isa = PBXTargetDependency;
			target = 1A3E25FA20A59D1E00FFCBBF /* ReactiveRegister */;
			targetProxy = 1A3E261020A59D2000FFCBBF /* PBXContainerItemProxy */;
		};
/* End PBXTargetDependency section */

/* Begin PBXVariantGroup section */
		1A3E260220A59D1F00FFCBBF /* Main.storyboard */ = {
			isa = PBXVariantGroup;
			children = (
				1A3E260320A59D1F00FFCBBF /* Base */,
			);
			name = Main.storyboard;
			sourceTree = "<group>";
		};
		1A3E260720A59D2000FFCBBF /* LaunchScreen.storyboard */ = {
			isa = PBXVariantGroup;
			children = (
				1A3E260820A59D2000FFCBBF /* Base */,
			);
			name = LaunchScreen.storyboard;
			sourceTree = "<group>";
		};
/* End PBXVariantGroup section */

/* Begin XCBuildConfiguration section */
		1A3E261620A59D2000FFCBBF /* Debug */ = {
			isa = XCBuildConfiguration;
			buildSettings = {
				ALWAYS_SEARCH_USER_PATHS = NO;
				CLANG_ANALYZER_NONNULL = YES;
				CLANG_ANALYZER_NUMBER_OBJECT_CONVERSION = YES_AGGRESSIVE;
				CLANG_CXX_LANGUAGE_STANDARD = "gnu++14";
				CLANG_CXX_LIBRARY = "libc++";
				CLANG_ENABLE_MODULES = YES;
				CLANG_ENABLE_OBJC_ARC = YES;
				CLANG_ENABLE_OBJC_WEAK = YES;
				CLANG_WARN_BLOCK_CAPTURE_AUTORELEASING = YES;
				CLANG_WARN_BOOL_CONVERSION = YES;
				CLANG_WARN_COMMA = YES;
				CLANG_WARN_CONSTANT_CONVERSION = YES;
				CLANG_WARN_DEPRECATED_OBJC_IMPLEMENTATIONS = YES;
				CLANG_WARN_DIRECT_OBJC_ISA_USAGE = YES_ERROR;
				CLANG_WARN_DOCUMENTATION_COMMENTS = YES;
				CLANG_WARN_EMPTY_BODY = YES;
				CLANG_WARN_ENUM_CONVERSION = YES;
				CLANG_WARN_INFINITE_RECURSION = YES;
				CLANG_WARN_INT_CONVERSION = YES;
				CLANG_WARN_NON_LITERAL_NULL_CONVERSION = YES;
				CLANG_WARN_OBJC_IMPLICIT_RETAIN_SELF = YES;
				CLANG_WARN_OBJC_LITERAL_CONVERSION = YES;
				CLANG_WARN_OBJC_ROOT_CLASS = YES_ERROR;
				CLANG_WARN_RANGE_LOOP_ANALYSIS = YES;
				CLANG_WARN_STRICT_PROTOTYPES = YES;
				CLANG_WARN_SUSPICIOUS_MOVE = YES;
				CLANG_WARN_UNGUARDED_AVAILABILITY = YES_AGGRESSIVE;
				CLANG_WARN_UNREACHABLE_CODE = YES;
				CLANG_WARN__DUPLICATE_METHOD_MATCH = YES;
				CODE_SIGN_IDENTITY = "iPhone Developer";
				COPY_PHASE_STRIP = NO;
				DEBUG_INFORMATION_FORMAT = dwarf;
				ENABLE_STRICT_OBJC_MSGSEND = YES;
				ENABLE_TESTABILITY = YES;
				GCC_C_LANGUAGE_STANDARD = gnu11;
				GCC_DYNAMIC_NO_PIC = NO;
				GCC_NO_COMMON_BLOCKS = YES;
				GCC_OPTIMIZATION_LEVEL = 0;
				GCC_PREPROCESSOR_DEFINITIONS = (
					"DEBUG=1",
					"$(inherited)",
				);
				GCC_WARN_64_TO_32_BIT_CONVERSION = YES;
				GCC_WARN_ABOUT_RETURN_TYPE = YES_ERROR;
				GCC_WARN_UNDECLARED_SELECTOR = YES;
				GCC_WARN_UNINITIALIZED_AUTOS = YES_AGGRESSIVE;
				GCC_WARN_UNUSED_FUNCTION = YES;
				GCC_WARN_UNUSED_VARIABLE = YES;
				IPHONEOS_DEPLOYMENT_TARGET = 11.3;
				MTL_ENABLE_DEBUG_INFO = YES;
				ONLY_ACTIVE_ARCH = YES;
				SDKROOT = iphoneos;
				SWIFT_ACTIVE_COMPILATION_CONDITIONS = DEBUG;
				SWIFT_OPTIMIZATION_LEVEL = "-Onone";
			};
			name = Debug;
		};
		1A3E261720A59D2000FFCBBF /* Release */ = {
			isa = XCBuildConfiguration;
			buildSettings = {
				ALWAYS_SEARCH_USER_PATHS = NO;
				CLANG_ANALYZER_NONNULL = YES;
				CLANG_ANALYZER_NUMBER_OBJECT_CONVERSION = YES_AGGRESSIVE;
				CLANG_CXX_LANGUAGE_STANDARD = "gnu++14";
				CLANG_CXX_LIBRARY = "libc++";
				CLANG_ENABLE_MODULES = YES;
				CLANG_ENABLE_OBJC_ARC = YES;
				CLANG_ENABLE_OBJC_WEAK = YES;
				CLANG_WARN_BLOCK_CAPTURE_AUTORELEASING = YES;
				CLANG_WARN_BOOL_CONVERSION = YES;
				CLANG_WARN_COMMA = YES;
				CLANG_WARN_CONSTANT_CONVERSION = YES;
				CLANG_WARN_DEPRECATED_OBJC_IMPLEMENTATIONS = YES;
				CLANG_WARN_DIRECT_OBJC_ISA_USAGE = YES_ERROR;
				CLANG_WARN_DOCUMENTATION_COMMENTS = YES;
				CLANG_WARN_EMPTY_BODY = YES;
				CLANG_WARN_ENUM_CONVERSION = YES;
				CLANG_WARN_INFINITE_RECURSION = YES;
				CLANG_WARN_INT_CONVERSION = YES;
				CLANG_WARN_NON_LITERAL_NULL_CONVERSION = YES;
				CLANG_WARN_OBJC_IMPLICIT_RETAIN_SELF = YES;
				CLANG_WARN_OBJC_LITERAL_CONVERSION = YES;
				CLANG_WARN_OBJC_ROOT_CLASS = YES_ERROR;
				CLANG_WARN_RANGE_LOOP_ANALYSIS = YES;
				CLANG_WARN_STRICT_PROTOTYPES = YES;
				CLANG_WARN_SUSPICIOUS_MOVE = YES;
				CLANG_WARN_UNGUARDED_AVAILABILITY = YES_AGGRESSIVE;
				CLANG_WARN_UNREACHABLE_CODE = YES;
				CLANG_WARN__DUPLICATE_METHOD_MATCH = YES;
				CODE_SIGN_IDENTITY = "iPhone Developer";
				COPY_PHASE_STRIP = NO;
				DEBUG_INFORMATION_FORMAT = "dwarf-with-dsym";
				ENABLE_NS_ASSERTIONS = NO;
				ENABLE_STRICT_OBJC_MSGSEND = YES;
				GCC_C_LANGUAGE_STANDARD = gnu11;
				GCC_NO_COMMON_BLOCKS = YES;
				GCC_WARN_64_TO_32_BIT_CONVERSION = YES;
				GCC_WARN_ABOUT_RETURN_TYPE = YES_ERROR;
				GCC_WARN_UNDECLARED_SELECTOR = YES;
				GCC_WARN_UNINITIALIZED_AUTOS = YES_AGGRESSIVE;
				GCC_WARN_UNUSED_FUNCTION = YES;
				GCC_WARN_UNUSED_VARIABLE = YES;
				IPHONEOS_DEPLOYMENT_TARGET = 11.3;
				MTL_ENABLE_DEBUG_INFO = NO;
				SDKROOT = iphoneos;
				SWIFT_COMPILATION_MODE = wholemodule;
				SWIFT_OPTIMIZATION_LEVEL = "-O";
				VALIDATE_PRODUCT = YES;
			};
			name = Release;
		};
		1A3E261920A59D2000FFCBBF /* Debug */ = {
			isa = XCBuildConfiguration;
			baseConfigurationReference = 2B294276B954A0B467960AF5 /* Pods-ReactiveRegister.debug.xcconfig */;
			buildSettings = {
				ASSETCATALOG_COMPILER_APPICON_NAME = AppIcon;
				CODE_SIGN_STYLE = Automatic;
				INFOPLIST_FILE = ReactiveRegister/Info.plist;
				LD_RUNPATH_SEARCH_PATHS = "$(inherited) @executable_path/Frameworks";
				PRODUCT_BUNDLE_IDENTIFIER = "jp.objective-audio.ReactiveRegister";
				PRODUCT_NAME = "$(TARGET_NAME)";
				SWIFT_VERSION = 4.0;
				TARGETED_DEVICE_FAMILY = "1,2";
			};
			name = Debug;
		};
		1A3E261A20A59D2000FFCBBF /* Release */ = {
			isa = XCBuildConfiguration;
			baseConfigurationReference = 19616231A00EF016C230FC21 /* Pods-ReactiveRegister.release.xcconfig */;
			buildSettings = {
				ASSETCATALOG_COMPILER_APPICON_NAME = AppIcon;
				CODE_SIGN_STYLE = Automatic;
				INFOPLIST_FILE = ReactiveRegister/Info.plist;
				LD_RUNPATH_SEARCH_PATHS = "$(inherited) @executable_path/Frameworks";
				PRODUCT_BUNDLE_IDENTIFIER = "jp.objective-audio.ReactiveRegister";
				PRODUCT_NAME = "$(TARGET_NAME)";
				SWIFT_VERSION = 4.0;
				TARGETED_DEVICE_FAMILY = "1,2";
			};
			name = Release;
		};
		1A3E261C20A59D2000FFCBBF /* Debug */ = {
			isa = XCBuildConfiguration;
			baseConfigurationReference = B0A9FA2565DE3BDF7DA5E8EF /* Pods-ReactiveRegisterTests.debug.xcconfig */;
			buildSettings = {
				ALWAYS_EMBED_SWIFT_STANDARD_LIBRARIES = YES;
				BUNDLE_LOADER = "$(TEST_HOST)";
				CODE_SIGN_STYLE = Automatic;
				INFOPLIST_FILE = ReactiveRegisterTests/Info.plist;
				LD_RUNPATH_SEARCH_PATHS = "$(inherited) @executable_path/Frameworks @loader_path/Frameworks";
				PRODUCT_BUNDLE_IDENTIFIER = "jp.objective-audio.ReactiveRegisterTests";
				PRODUCT_NAME = "$(TARGET_NAME)";
				SWIFT_VERSION = 4.0;
				TARGETED_DEVICE_FAMILY = "1,2";
				TEST_HOST = "$(BUILT_PRODUCTS_DIR)/ReactiveRegister.app/ReactiveRegister";
			};
			name = Debug;
		};
		1A3E261D20A59D2000FFCBBF /* Release */ = {
			isa = XCBuildConfiguration;
			baseConfigurationReference = 10DF02AF3495F018BE199E7F /* Pods-ReactiveRegisterTests.release.xcconfig */;
			buildSettings = {
				ALWAYS_EMBED_SWIFT_STANDARD_LIBRARIES = YES;
				BUNDLE_LOADER = "$(TEST_HOST)";
				CODE_SIGN_STYLE = Automatic;
				INFOPLIST_FILE = ReactiveRegisterTests/Info.plist;
				LD_RUNPATH_SEARCH_PATHS = "$(inherited) @executable_path/Frameworks @loader_path/Frameworks";
				PRODUCT_BUNDLE_IDENTIFIER = "jp.objective-audio.ReactiveRegisterTests";
				PRODUCT_NAME = "$(TARGET_NAME)";
				SWIFT_VERSION = 4.0;
				TARGETED_DEVICE_FAMILY = "1,2";
				TEST_HOST = "$(BUILT_PRODUCTS_DIR)/ReactiveRegister.app/ReactiveRegister";
			};
			name = Release;
		};
/* End XCBuildConfiguration section */

/* Begin XCConfigurationList section */
		1A3E25F620A59D1E00FFCBBF /* Build configuration list for PBXProject "ReactiveRegister" */ = {
			isa = XCConfigurationList;
			buildConfigurations = (
				1A3E261620A59D2000FFCBBF /* Debug */,
				1A3E261720A59D2000FFCBBF /* Release */,
			);
			defaultConfigurationIsVisible = 0;
			defaultConfigurationName = Release;
		};
		1A3E261820A59D2000FFCBBF /* Build configuration list for PBXNativeTarget "ReactiveRegister" */ = {
			isa = XCConfigurationList;
			buildConfigurations = (
				1A3E261920A59D2000FFCBBF /* Debug */,
				1A3E261A20A59D2000FFCBBF /* Release */,
			);
			defaultConfigurationIsVisible = 0;
			defaultConfigurationName = Release;
		};
		1A3E261B20A59D2000FFCBBF /* Build configuration list for PBXNativeTarget "ReactiveRegisterTests" */ = {
			isa = XCConfigurationList;
			buildConfigurations = (
				1A3E261C20A59D2000FFCBBF /* Debug */,
				1A3E261D20A59D2000FFCBBF /* Release */,
			);
			defaultConfigurationIsVisible = 0;
			defaultConfigurationName = Release;
		};
/* End XCConfigurationList section */
	};
	rootObject = 1A3E25F320A59D1E00FFCBBF /* Project object */;
}
